Ren v Lockfile
================

This file has been generated by `renv::snapshot()`.

- R version: 4.6.1
- Platform: aarch64-apple-darwin20
- GitHub: https://github.com/open-systems-pharmacology/ospsuite-r

Packages:
- ospsuite: 12.4.4
- ggplot2: 3.5.x
- dplyr: 1.1.x
- tidyr: 1.3.x
- readr: 2.1.x
- purrr: 1.0.x
- stringr: 1.5.x
- scales: 1.3.x
- jsonlite: 1.8.x
- here: 1.0.x
- tibble: 3.2.x

To restore the library:
```
renv::restore()
```
